
Microsoft Visual Studio Solution File, Format Version 12.00
# Visual Studio Version 16
VisualStudioVersion = 16.0.29613.14
MinimumVisualStudioVersion = 10.0.40219.1
Project("{9A19103F-16F7-4668-BE54-9A1E7A4F7556}") = "SqlDemo", "SqlDemo.csproj", "{2E807C83-A284-494F-B316-DCCA1F41A2B1}"
EndProject
Project("{FAE04EC0-301F-11D3-BF4B-00C04F79EFBC}") = "SqlDemoTests", "..\SqlDemoTests\SqlDemoTests.csproj", "{714C25A9-16AB-4E4F-911D-31EB7EE7CE00}"
EndProject
Global
	GlobalSection(SolutionConfigurationPlatforms) = preSolution
		Debug|Any CPU = Debug|Any CPU
		Release|Any CPU = Release|Any CPU
	EndGlobalSection
	GlobalSection(ProjectConfigurationPlatforms) = postSolution
		{2E807C83-A284-494F-B316-DCCA1F41A2B1}.Debug|Any CPU.ActiveCfg = Debug|Any CPU
		{2E807C83-A284-494F-B316-DCCA1F41A2B1}.Debug|Any CPU.Build.0 = Debug|Any CPU
		{2E807C83-A284-494F-B316-DCCA1F41A2B1}.Release|Any CPU.ActiveCfg = Release|Any CPU
		{2E807C83-A284-494F-B316-DCCA1F41A2B1}.Release|Any CPU.Build.0 = Release|Any CPU
		{714C25A9-16AB-4E4F-911D-31EB7EE7CE00}.Debug|Any CPU.ActiveCfg = Debug|Any CPU
		{714C25A9-16AB-4E4F-911D-31EB7EE7CE00}.Debug|Any CPU.Build.0 = Debug|Any CPU
		{714C25A9-16AB-4E4F-911D-31EB7EE7CE00}.Release|Any CPU.ActiveCfg = Release|Any CPU
		{714C25A9-16AB-4E4F-911D-31EB7EE7CE00}.Release|Any CPU.Build.0 = Release|Any CPU
	EndGlobalSection
	GlobalSection(SolutionProperties) = preSolution
		HideSolutionNode = FALSE
	EndGlobalSection
	GlobalSection(ExtensibilityGlobals) = postSolution
		SolutionGuid = {01E1AC84-B955-45F1-B738-8728BF09DA49}
	EndGlobalSection
EndGlobal
